
Microsoft Visual Studio Solution File, Format Version 12.00
# Visual Studio 14
VisualStudioVersion = 14.0.25420.1
MinimumVisualStudioVersion = 10.0.40219.1
Project("{FAE04EC0-301F-11D3-BF4B-00C04F79EFBC}") = "TimerLocker", "TimerLocker\TimerLocker.csproj", "{0B44EC53-8A08-49E7-B203-07AF8466DA53}"
EndProject
Project("{FAE04EC0-301F-11D3-BF4B-00C04F79EFBC}") = "TimerManager", "TimerManager\TimerManager.csproj", "{DA665F7C-0DAB-4B69-A58B-CCC5FC208C1E}"
EndProject
Global
	GlobalSection(SolutionConfigurationPlatforms) = preSolution
		Debug|Any CPU = Debug|Any CPU
		Release|Any CPU = Release|Any CPU
	EndGlobalSection
	GlobalSection(ProjectConfigurationPlatforms) = postSolution
		{0B44EC53-8A08-49E7-B203-07AF8466DA53}.Debug|Any CPU.ActiveCfg = Debug|Any CPU
		{0B44EC53-8A08-49E7-B203-07AF8466DA53}.Debug|Any CPU.Build.0 = Debug|Any CPU
		{0B44EC53-8A08-49E7-B203-07AF8466DA53}.Release|Any CPU.ActiveCfg = Release|Any CPU
		{0B44EC53-8A08-49E7-B203-07AF8466DA53}.Release|Any CPU.Build.0 = Release|Any CPU
		{DA665F7C-0DAB-4B69-A58B-CCC5FC208C1E}.Debug|Any CPU.ActiveCfg = Debug|Any CPU
		{DA665F7C-0DAB-4B69-A58B-CCC5FC208C1E}.Debug|Any CPU.Build.0 = Debug|Any CPU
		{DA665F7C-0DAB-4B69-A58B-CCC5FC208C1E}.Release|Any CPU.ActiveCfg = Release|Any CPU
		{DA665F7C-0DAB-4B69-A58B-CCC5FC208C1E}.Release|Any CPU.Build.0 = Release|Any CPU
	EndGlobalSection
	GlobalSection(SolutionProperties) = preSolution
		HideSolutionNode = FALSE
	EndGlobalSection
EndGlobal
